
Microsoft Visual Studio Solution File, Format Version 12.00
# Visual Studio Version 16
VisualStudioVersion = 16.0.31624.102
MinimumVisualStudioVersion = 10.0.40219.1
Project("{FAE04EC0-301F-11D3-BF4B-00C04F79EFBC}") = "SPP_1(console)", "SPP_1(console)\SPP_1(console).csproj", "{6DEEBEAC-A291-4FBB-B6A9-2C34F5DCF168}"
EndProject
Project("{FAE04EC0-301F-11D3-BF4B-00C04F79EFBC}") = "MyLib_1", "..\MyLib_1\MyLib_1\MyLib_1.csproj", "{492C533D-701A-4298-BC6D-C2A5A8469451}"
EndProject
Global
	GlobalSection(SolutionConfigurationPlatforms) = preSolution
		Debug|Any CPU = Debug|Any CPU
		Release|Any CPU = Release|Any CPU
	EndGlobalSection
	GlobalSection(ProjectConfigurationPlatforms) = postSolution
		{6DEEBEAC-A291-4FBB-B6A9-2C34F5DCF168}.Debug|Any CPU.ActiveCfg = Debug|Any CPU
		{6DEEBEAC-A291-4FBB-B6A9-2C34F5DCF168}.Debug|Any CPU.Build.0 = Debug|Any CPU
		{6DEEBEAC-A291-4FBB-B6A9-2C34F5DCF168}.Release|Any CPU.ActiveCfg = Release|Any CPU
		{6DEEBEAC-A291-4FBB-B6A9-2C34F5DCF168}.Release|Any CPU.Build.0 = Release|Any CPU
		{492C533D-701A-4298-BC6D-C2A5A8469451}.Debug|Any CPU.ActiveCfg = Debug|Any CPU
		{492C533D-701A-4298-BC6D-C2A5A8469451}.Debug|Any CPU.Build.0 = Debug|Any CPU
		{492C533D-701A-4298-BC6D-C2A5A8469451}.Release|Any CPU.ActiveCfg = Release|Any CPU
		{492C533D-701A-4298-BC6D-C2A5A8469451}.Release|Any CPU.Build.0 = Release|Any CPU
	EndGlobalSection
	GlobalSection(SolutionProperties) = preSolution
		HideSolutionNode = FALSE
	EndGlobalSection
	GlobalSection(ExtensibilityGlobals) = postSolution
		SolutionGuid = {0E11169B-99D1-4B3C-B5C3-191B0F388207}
	EndGlobalSection
EndGlobal
